
Microsoft Visual Studio Solution File, Format Version 12.00
# Visual Studio Version 16
VisualStudioVersion = 16.0.30804.86
MinimumVisualStudioVersion = 10.0.40219.1
Project("{2150E333-8FDC-42A3-9474-1A3956D46DE8}") = "src", "src", "{CAADBE4E-3E32-45F1-A397-B657FE7B8703}"
EndProject
Project("{2150E333-8FDC-42A3-9474-1A3956D46DE8}") = "Solution Items", "Solution Items", "{AC089263-385A-4441-BF8B-2608DB1E18A4}"
	ProjectSection(SolutionItems) = preProject
		nuget.config = nuget.config
	EndProjectSection
EndProject
Project("{6EC3EE1D-3C4E-46DD-8F32-0CC8E7565705}") = "BetterTTD", "src\BetterTTD\BetterTTD.fsproj", "{533444B5-8984-412E-BD08-935DE724D638}"
EndProject
Project("{2150E333-8FDC-42A3-9474-1A3956D46DE8}") = "Services", "Services", "{5E3A3333-B37C-416D-8DAC-8E802A28F57A}"
EndProject
Project("{2150E333-8FDC-42A3-9474-1A3956D46DE8}") = "Identity", "Identity", "{CFAFB26B-BE42-4442-9430-1EBEAA1E2BF3}"
EndProject
Project("{2150E333-8FDC-42A3-9474-1A3956D46DE8}") = "OpenTTD", "OpenTTD", "{50457426-8E6B-4350-899A-4D48C1EB75FF}"
EndProject
Project("{6EC3EE1D-3C4E-46DD-8F32-0CC8E7565705}") = "OpenTTD.API", "src\Services\OpenTTD\OpenTTD.API\OpenTTD.API.fsproj", "{82846B9D-D19A-4CB3-9CEC-2F3E84D59472}"
EndProject
Project("{6EC3EE1D-3C4E-46DD-8F32-0CC8E7565705}") = "OpenTTD.Network", "src\Services\OpenTTD\OpenTTD.Network\OpenTTD.Network.fsproj", "{50D5EF01-7774-408A-A341-855A2F3AD707}"
EndProject
Project("{6EC3EE1D-3C4E-46DD-8F32-0CC8E7565705}") = "OpenTTD.Actors", "src\Services\OpenTTD\OpenTTD.Actors\OpenTTD.Actors.fsproj", "{C1A4BCA3-7C5E-49BF-9748-61763C59F279}"
EndProject
Project("{E53339B2-1760-4266-BCC7-CA923CBCF16C}") = "docker-compose", "docker-compose.dcproj", "{0E26EC88-6266-407C-8BF4-DDBB7062BE61}"
EndProject
Project("{F2A71F9B-5D33-465A-A702-920D77279786}") = "IdentityServer", "src\Services\Identity\IdentityServer\IdentityServer.fsproj", "{134E8598-F047-4493-877C-64B09DB82438}"
EndProject
Project("{FAE04EC0-301F-11D3-BF4B-00C04F79EFBC}") = "IdentityServer.Migrations", "src\Services\Identity\IdentityServer.Migrations\IdentityServer.Migrations.csproj", "{5B17A3DC-4755-44B9-A0BB-175D0E630AB6}"
EndProject
Project("{F2A71F9B-5D33-465A-A702-920D77279786}") = "IdentityServer.DataAccess", "src\Services\Identity\IdentityServer.DataAccess\IdentityServer.DataAccess.fsproj", "{56B81353-9705-4D89-9837-B72CBF087F6B}"
EndProject
Project("{F2A71F9B-5D33-465A-A702-920D77279786}") = "IdentityServer.Models", "src\Services\Identity\IdentityServer.Models\IdentityServer.Models.fsproj", "{E501053B-B7B5-411D-A9E6-D5E777D51318}"
EndProject
Global
	GlobalSection(SolutionConfigurationPlatforms) = preSolution
		Debug|Any CPU = Debug|Any CPU
		Debug|ARM = Debug|ARM
		Debug|ARM64 = Debug|ARM64
		Debug|x64 = Debug|x64
		Debug|x86 = Debug|x86
		Release|Any CPU = Release|Any CPU
		Release|ARM = Release|ARM
		Release|ARM64 = Release|ARM64
		Release|x64 = Release|x64
		Release|x86 = Release|x86
	EndGlobalSection
	GlobalSection(ProjectConfigurationPlatforms) = postSolution
		{533444B5-8984-412E-BD08-935DE724D638}.Debug|Any CPU.ActiveCfg = Debug|Any CPU
		{533444B5-8984-412E-BD08-935DE724D638}.Debug|Any CPU.Build.0 = Debug|Any CPU
		{533444B5-8984-412E-BD08-935DE724D638}.Debug|ARM.ActiveCfg = Debug|Any CPU
		{533444B5-8984-412E-BD08-935DE724D638}.Debug|ARM.Build.0 = Debug|Any CPU
		{533444B5-8984-412E-BD08-935DE724D638}.Debug|ARM64.ActiveCfg = Debug|Any CPU
		{533444B5-8984-412E-BD08-935DE724D638}.Debug|ARM64.Build.0 = Debug|Any CPU
		{533444B5-8984-412E-BD08-935DE724D638}.Debug|x64.ActiveCfg = Debug|Any CPU
		{533444B5-8984-412E-BD08-935DE724D638}.Debug|x64.Build.0 = Debug|Any CPU
		{533444B5-8984-412E-BD08-935DE724D638}.Debug|x86.ActiveCfg = Debug|Any CPU
		{533444B5-8984-412E-BD08-935DE724D638}.Debug|x86.Build.0 = Debug|Any CPU
		{533444B5-8984-412E-BD08-935DE724D638}.Release|Any CPU.ActiveCfg = Release|Any CPU
		{533444B5-8984-412E-BD08-935DE724D638}.Release|Any CPU.Build.0 = Release|Any CPU
		{533444B5-8984-412E-BD08-935DE724D638}.Release|ARM.ActiveCfg = Release|Any CPU
		{533444B5-8984-412E-BD08-935DE724D638}.Release|ARM.Build.0 = Release|Any CPU
		{533444B5-8984-412E-BD08-935DE724D638}.Release|ARM64.ActiveCfg = Release|Any CPU
		{533444B5-8984-412E-BD08-935DE724D638}.Release|ARM64.Build.0 = Release|Any CPU
		{533444B5-8984-412E-BD08-935DE724D638}.Release|x64.ActiveCfg = Release|Any CPU
		{533444B5-8984-412E-BD08-935DE724D638}.Release|x64.Build.0 = Release|Any CPU
		{533444B5-8984-412E-BD08-935DE724D638}.Release|x86.ActiveCfg = Release|Any CPU
		{533444B5-8984-412E-BD08-935DE724D638}.Release|x86.Build.0 = Release|Any CPU
		{82846B9D-D19A-4CB3-9CEC-2F3E84D59472}.Debug|Any CPU.ActiveCfg = Debug|Any CPU
		{82846B9D-D19A-4CB3-9CEC-2F3E84D59472}.Debug|Any CPU.Build.0 = Debug|Any CPU
		{82846B9D-D19A-4CB3-9CEC-2F3E84D59472}.Debug|ARM.ActiveCfg = Debug|Any CPU
		{82846B9D-D19A-4CB3-9CEC-2F3E84D59472}.Debug|ARM.Build.0 = Debug|Any CPU
		{82846B9D-D19A-4CB3-9CEC-2F3E84D59472}.Debug|ARM64.ActiveCfg = Debug|Any CPU
		{82846B9D-D19A-4CB3-9CEC-2F3E84D59472}.Debug|ARM64.Build.0 = Debug|Any CPU
		{82846B9D-D19A-4CB3-9CEC-2F3E84D59472}.Debug|x64.ActiveCfg = Debug|Any CPU
		{82846B9D-D19A-4CB3-9CEC-2F3E84D59472}.Debug|x64.Build.0 = Debug|Any CPU
		{82846B9D-D19A-4CB3-9CEC-2F3E84D59472}.Debug|x86.ActiveCfg = Debug|Any CPU
		{82846B9D-D19A-4CB3-9CEC-2F3E84D59472}.Debug|x86.Build.0 = Debug|Any CPU
		{82846B9D-D19A-4CB3-9CEC-2F3E84D59472}.Release|Any CPU.ActiveCfg = Release|Any CPU
		{82846B9D-D19A-4CB3-9CEC-2F3E84D59472}.Release|Any CPU.Build.0 = Release|Any CPU
		{82846B9D-D19A-4CB3-9CEC-2F3E84D59472}.Release|ARM.ActiveCfg = Release|Any CPU
		{82846B9D-D19A-4CB3-9CEC-2F3E84D59472}.Release|ARM.Build.0 = Release|Any CPU
		{82846B9D-D19A-4CB3-9CEC-2F3E84D59472}.Release|ARM64.ActiveCfg = Release|Any CPU
		{82846B9D-D19A-4CB3-9CEC-2F3E84D59472}.Release|ARM64.Build.0 = Release|Any CPU
		{82846B9D-D19A-4CB3-9CEC-2F3E84D59472}.Release|x64.ActiveCfg = Release|Any CPU
		{82846B9D-D19A-4CB3-9CEC-2F3E84D59472}.Release|x64.Build.0 = Release|Any CPU
		{82846B9D-D19A-4CB3-9CEC-2F3E84D59472}.Release|x86.ActiveCfg = Release|Any CPU
		{82846B9D-D19A-4CB3-9CEC-2F3E84D59472}.Release|x86.Build.0 = Release|Any CPU
		{50D5EF01-7774-408A-A341-855A2F3AD707}.Debug|Any CPU.ActiveCfg = Debug|Any CPU
		{50D5EF01-7774-408A-A341-855A2F3AD707}.Debug|Any CPU.Build.0 = Debug|Any CPU
		{50D5EF01-7774-408A-A341-855A2F3AD707}.Debug|ARM.ActiveCfg = Debug|Any CPU
		{50D5EF01-7774-408A-A341-855A2F3AD707}.Debug|ARM.Build.0 = Debug|Any CPU
		{50D5EF01-7774-408A-A341-855A2F3AD707}.Debug|ARM64.ActiveCfg = Debug|Any CPU
		{50D5EF01-7774-408A-A341-855A2F3AD707}.Debug|ARM64.Build.0 = Debug|Any CPU
		{50D5EF01-7774-408A-A341-855A2F3AD707}.Debug|x64.ActiveCfg = Debug|Any CPU
		{50D5EF01-7774-408A-A341-855A2F3AD707}.Debug|x64.Build.0 = Debug|Any CPU
		{50D5EF01-7774-408A-A341-855A2F3AD707}.Debug|x86.ActiveCfg = Debug|Any CPU
		{50D5EF01-7774-408A-A341-855A2F3AD707}.Debug|x86.Build.0 = Debug|Any CPU
		{50D5EF01-7774-408A-A341-855A2F3AD707}.Release|Any CPU.ActiveCfg = Release|Any CPU
		{50D5EF01-7774-408A-A341-855A2F3AD707}.Release|Any CPU.Build.0 = Release|Any CPU
		{50D5EF01-7774-408A-A341-855A2F3AD707}.Release|ARM.ActiveCfg = Release|Any CPU
		{50D5EF01-7774-408A-A341-855A2F3AD707}.Release|ARM.Build.0 = Release|Any CPU
		{50D5EF01-7774-408A-A341-855A2F3AD707}.Release|ARM64.ActiveCfg = Release|Any CPU
		{50D5EF01-7774-408A-A341-855A2F3AD707}.Release|ARM64.Build.0 = Release|Any CPU
		{50D5EF01-7774-408A-A341-855A2F3AD707}.Release|x64.ActiveCfg = Release|Any CPU
		{50D5EF01-7774-408A-A341-855A2F3AD707}.Release|x64.Build.0 = Release|Any CPU
		{50D5EF01-7774-408A-A341-855A2F3AD707}.Release|x86.ActiveCfg = Release|Any CPU
		{50D5EF01-7774-408A-A341-855A2F3AD707}.Release|x86.Build.0 = Release|Any CPU
		{C1A4BCA3-7C5E-49BF-9748-61763C59F279}.Debug|Any CPU.ActiveCfg = Debug|Any CPU
		{C1A4BCA3-7C5E-49BF-9748-61763C59F279}.Debug|Any CPU.Build.0 = Debug|Any CPU
		{C1A4BCA3-7C5E-49BF-9748-61763C59F279}.Debug|ARM.ActiveCfg = Debug|Any CPU
		{C1A4BCA3-7C5E-49BF-9748-61763C59F279}.Debug|ARM.Build.0 = Debug|Any CPU
		{C1A4BCA3-7C5E-49BF-9748-61763C59F279}.Debug|ARM64.ActiveCfg = Debug|Any CPU
		{C1A4BCA3-7C5E-49BF-9748-61763C59F279}.Debug|ARM64.Build.0 = Debug|Any CPU
		{C1A4BCA3-7C5E-49BF-9748-61763C59F279}.Debug|x64.ActiveCfg = Debug|Any CPU
		{C1A4BCA3-7C5E-49BF-9748-61763C59F279}.Debug|x64.Build.0 = Debug|Any CPU
		{C1A4BCA3-7C5E-49BF-9748-61763C59F279}.Debug|x86.ActiveCfg = Debug|Any CPU
		{C1A4BCA3-7C5E-49BF-9748-61763C59F279}.Debug|x86.Build.0 = Debug|Any CPU
		{C1A4BCA3-7C5E-49BF-9748-61763C59F279}.Release|Any CPU.ActiveCfg = Release|Any CPU
		{C1A4BCA3-7C5E-49BF-9748-61763C59F279}.Release|Any CPU.Build.0 = Release|Any CPU
		{C1A4BCA3-7C5E-49BF-9748-61763C59F279}.Release|ARM.ActiveCfg = Release|Any CPU
		{C1A4BCA3-7C5E-49BF-9748-61763C59F279}.Release|ARM.Build.0 = Release|Any CPU
		{C1A4BCA3-7C5E-49BF-9748-61763C59F279}.Release|ARM64.ActiveCfg = Release|Any CPU
		{C1A4BCA3-7C5E-49BF-9748-61763C59F279}.Release|ARM64.Build.0 = Release|Any CPU
		{C1A4BCA3-7C5E-49BF-9748-61763C59F279}.Release|x64.ActiveCfg = Release|Any CPU
		{C1A4BCA3-7C5E-49BF-9748-61763C59F279}.Release|x64.Build.0 = Release|Any CPU
		{C1A4BCA3-7C5E-49BF-9748-61763C59F279}.Release|x86.ActiveCfg = Release|Any CPU
		{C1A4BCA3-7C5E-49BF-9748-61763C59F279}.Release|x86.Build.0 = Release|Any CPU
		{0E26EC88-6266-407C-8BF4-DDBB7062BE61}.Debug|Any CPU.ActiveCfg = Debug|Any CPU
		{0E26EC88-6266-407C-8BF4-DDBB7062BE61}.Debug|Any CPU.Build.0 = Debug|Any CPU
		{0E26EC88-6266-407C-8BF4-DDBB7062BE61}.Debug|ARM.ActiveCfg = Debug|Any CPU
		{0E26EC88-6266-407C-8BF4-DDBB7062BE61}.Debug|ARM.Build.0 = Debug|Any CPU
		{0E26EC88-6266-407C-8BF4-DDBB7062BE61}.Debug|ARM64.ActiveCfg = Debug|Any CPU
		{0E26EC88-6266-407C-8BF4-DDBB7062BE61}.Debug|ARM64.Build.0 = Debug|Any CPU
		{0E26EC88-6266-407C-8BF4-DDBB7062BE61}.Debug|x64.ActiveCfg = Debug|Any CPU
		{0E26EC88-6266-407C-8BF4-DDBB7062BE61}.Debug|x64.Build.0 = Debug|Any CPU
		{0E26EC88-6266-407C-8BF4-DDBB7062BE61}.Debug|x86.ActiveCfg = Debug|Any CPU
		{0E26EC88-6266-407C-8BF4-DDBB7062BE61}.Debug|x86.Build.0 = Debug|Any CPU
		{0E26EC88-6266-407C-8BF4-DDBB7062BE61}.Release|Any CPU.ActiveCfg = Release|Any CPU
		{0E26EC88-6266-407C-8BF4-DDBB7062BE61}.Release|Any CPU.Build.0 = Release|Any CPU
		{0E26EC88-6266-407C-8BF4-DDBB7062BE61}.Release|ARM.ActiveCfg = Release|Any CPU
		{0E26EC88-6266-407C-8BF4-DDBB7062BE61}.Release|ARM.Build.0 = Release|Any CPU
		{0E26EC88-6266-407C-8BF4-DDBB7062BE61}.Release|ARM64.ActiveCfg = Release|Any CPU
		{0E26EC88-6266-407C-8BF4-DDBB7062BE61}.Release|ARM64.Build.0 = Release|Any CPU
		{0E26EC88-6266-407C-8BF4-DDBB7062BE61}.Release|x64.ActiveCfg = Release|Any CPU
		{0E26EC88-6266-407C-8BF4-DDBB7062BE61}.Release|x64.Build.0 = Release|Any CPU
		{0E26EC88-6266-407C-8BF4-DDBB7062BE61}.Release|x86.ActiveCfg = Release|Any CPU
		{0E26EC88-6266-407C-8BF4-DDBB7062BE61}.Release|x86.Build.0 = Release|Any CPU
		{134E8598-F047-4493-877C-64B09DB82438}.Debug|Any CPU.ActiveCfg = Debug|Any CPU
		{134E8598-F047-4493-877C-64B09DB82438}.Debug|Any CPU.Build.0 = Debug|Any CPU
		{134E8598-F047-4493-877C-64B09DB82438}.Debug|ARM.ActiveCfg = Debug|Any CPU
		{134E8598-F047-4493-877C-64B09DB82438}.Debug|ARM.Build.0 = Debug|Any CPU
		{134E8598-F047-4493-877C-64B09DB82438}.Debug|ARM64.ActiveCfg = Debug|Any CPU
		{134E8598-F047-4493-877C-64B09DB82438}.Debug|ARM64.Build.0 = Debug|Any CPU
		{134E8598-F047-4493-877C-64B09DB82438}.Debug|x64.ActiveCfg = Debug|Any CPU
		{134E8598-F047-4493-877C-64B09DB82438}.Debug|x64.Build.0 = Debug|Any CPU
		{134E8598-F047-4493-877C-64B09DB82438}.Debug|x86.ActiveCfg = Debug|Any CPU
		{134E8598-F047-4493-877C-64B09DB82438}.Debug|x86.Build.0 = Debug|Any CPU
		{134E8598-F047-4493-877C-64B09DB82438}.Release|Any CPU.ActiveCfg = Release|Any CPU
		{134E8598-F047-4493-877C-64B09DB82438}.Release|Any CPU.Build.0 = Release|Any CPU
		{134E8598-F047-4493-877C-64B09DB82438}.Release|ARM.ActiveCfg = Release|Any CPU
		{134E8598-F047-4493-877C-64B09DB82438}.Release|ARM.Build.0 = Release|Any CPU
		{134E8598-F047-4493-877C-64B09DB82438}.Release|ARM64.ActiveCfg = Release|Any CPU
		{134E8598-F047-4493-877C-64B09DB82438}.Release|ARM64.Build.0 = Release|Any CPU
		{134E8598-F047-4493-877C-64B09DB82438}.Release|x64.ActiveCfg = Release|Any CPU
		{134E8598-F047-4493-877C-64B09DB82438}.Release|x64.Build.0 = Release|Any CPU
		{134E8598-F047-4493-877C-64B09DB82438}.Release|x86.ActiveCfg = Release|Any CPU
		{134E8598-F047-4493-877C-64B09DB82438}.Release|x86.Build.0 = Release|Any CPU
		{5B17A3DC-4755-44B9-A0BB-175D0E630AB6}.Debug|Any CPU.ActiveCfg = Debug|Any CPU
		{5B17A3DC-4755-44B9-A0BB-175D0E630AB6}.Debug|Any CPU.Build.0 = Debug|Any CPU
		{5B17A3DC-4755-44B9-A0BB-175D0E630AB6}.Debug|ARM.ActiveCfg = Debug|Any CPU
		{5B17A3DC-4755-44B9-A0BB-175D0E630AB6}.Debug|ARM.Build.0 = Debug|Any CPU
		{5B17A3DC-4755-44B9-A0BB-175D0E630AB6}.Debug|ARM64.ActiveCfg = Debug|Any CPU
		{5B17A3DC-4755-44B9-A0BB-175D0E630AB6}.Debug|ARM64.Build.0 = Debug|Any CPU
		{5B17A3DC-4755-44B9-A0BB-175D0E630AB6}.Debug|x64.ActiveCfg = Debug|Any CPU
		{5B17A3DC-4755-44B9-A0BB-175D0E630AB6}.Debug|x64.Build.0 = Debug|Any CPU
		{5B17A3DC-4755-44B9-A0BB-175D0E630AB6}.Debug|x86.ActiveCfg = Debug|Any CPU
		{5B17A3DC-4755-44B9-A0BB-175D0E630AB6}.Debug|x86.Build.0 = Debug|Any CPU
		{5B17A3DC-4755-44B9-A0BB-175D0E630AB6}.Release|Any CPU.ActiveCfg = Release|Any CPU
		{5B17A3DC-4755-44B9-A0BB-175D0E630AB6}.Release|Any CPU.Build.0 = Release|Any CPU
		{5B17A3DC-4755-44B9-A0BB-175D0E630AB6}.Release|ARM.ActiveCfg = Release|Any CPU
		{5B17A3DC-4755-44B9-A0BB-175D0E630AB6}.Release|ARM.Build.0 = Release|Any CPU
		{5B17A3DC-4755-44B9-A0BB-175D0E630AB6}.Release|ARM64.ActiveCfg = Release|Any CPU
		{5B17A3DC-4755-44B9-A0BB-175D0E630AB6}.Release|ARM64.Build.0 = Release|Any CPU
		{5B17A3DC-4755-44B9-A0BB-175D0E630AB6}.Release|x64.ActiveCfg = Release|Any CPU
		{5B17A3DC-4755-44B9-A0BB-175D0E630AB6}.Release|x64.Build.0 = Release|Any CPU
		{5B17A3DC-4755-44B9-A0BB-175D0E630AB6}.Release|x86.ActiveCfg = Release|Any CPU
		{5B17A3DC-4755-44B9-A0BB-175D0E630AB6}.Release|x86.Build.0 = Release|Any CPU
		{56B81353-9705-4D89-9837-B72CBF087F6B}.Debug|Any CPU.ActiveCfg = Debug|Any CPU
		{56B81353-9705-4D89-9837-B72CBF087F6B}.Debug|Any CPU.Build.0 = Debug|Any CPU
		{56B81353-9705-4D89-9837-B72CBF087F6B}.Debug|ARM.ActiveCfg = Debug|Any CPU
		{56B81353-9705-4D89-9837-B72CBF087F6B}.Debug|ARM.Build.0 = Debug|Any CPU
		{56B81353-9705-4D89-9837-B72CBF087F6B}.Debug|ARM64.ActiveCfg = Debug|Any CPU
		{56B81353-9705-4D89-9837-B72CBF087F6B}.Debug|ARM64.Build.0 = Debug|Any CPU
		{56B81353-9705-4D89-9837-B72CBF087F6B}.Debug|x64.ActiveCfg = Debug|Any CPU
		{56B81353-9705-4D89-9837-B72CBF087F6B}.Debug|x64.Build.0 = Debug|Any CPU
		{56B81353-9705-4D89-9837-B72CBF087F6B}.Debug|x86.ActiveCfg = Debug|Any CPU
		{56B81353-9705-4D89-9837-B72CBF087F6B}.Debug|x86.Build.0 = Debug|Any CPU
		{56B81353-9705-4D89-9837-B72CBF087F6B}.Release|Any CPU.ActiveCfg = Release|Any CPU
		{56B81353-9705-4D89-9837-B72CBF087F6B}.Release|Any CPU.Build.0 = Release|Any CPU
		{56B81353-9705-4D89-9837-B72CBF087F6B}.Release|ARM.ActiveCfg = Release|Any CPU
		{56B81353-9705-4D89-9837-B72CBF087F6B}.Release|ARM.Build.0 = Release|Any CPU
		{56B81353-9705-4D89-9837-B72CBF087F6B}.Release|ARM64.ActiveCfg = Release|Any CPU
		{56B81353-9705-4D89-9837-B72CBF087F6B}.Release|ARM64.Build.0 = Release|Any CPU
		{56B81353-9705-4D89-9837-B72CBF087F6B}.Release|x64.ActiveCfg = Release|Any CPU
		{56B81353-9705-4D89-9837-B72CBF087F6B}.Release|x64.Build.0 = Release|Any CPU
		{56B81353-9705-4D89-9837-B72CBF087F6B}.Release|x86.ActiveCfg = Release|Any CPU
		{56B81353-9705-4D89-9837-B72CBF087F6B}.Release|x86.Build.0 = Release|Any CPU
		{E501053B-B7B5-411D-A9E6-D5E777D51318}.Debug|Any CPU.ActiveCfg = Debug|Any CPU
		{E501053B-B7B5-411D-A9E6-D5E777D51318}.Debug|Any CPU.Build.0 = Debug|Any CPU
		{E501053B-B7B5-411D-A9E6-D5E777D51318}.Debug|ARM.ActiveCfg = Debug|Any CPU
		{E501053B-B7B5-411D-A9E6-D5E777D51318}.Debug|ARM.Build.0 = Debug|Any CPU
		{E501053B-B7B5-411D-A9E6-D5E777D51318}.Debug|ARM64.ActiveCfg = Debug|Any CPU
		{E501053B-B7B5-411D-A9E6-D5E777D51318}.Debug|ARM64.Build.0 = Debug|Any CPU
		{E501053B-B7B5-411D-A9E6-D5E777D51318}.Debug|x64.ActiveCfg = Debug|Any CPU
		{E501053B-B7B5-411D-A9E6-D5E777D51318}.Debug|x64.Build.0 = Debug|Any CPU
		{E501053B-B7B5-411D-A9E6-D5E777D51318}.Debug|x86.ActiveCfg = Debug|Any CPU
		{E501053B-B7B5-411D-A9E6-D5E777D51318}.Debug|x86.Build.0 = Debug|Any CPU
		{E501053B-B7B5-411D-A9E6-D5E777D51318}.Release|Any CPU.ActiveCfg = Release|Any CPU
		{E501053B-B7B5-411D-A9E6-D5E777D51318}.Release|Any CPU.Build.0 = Release|Any CPU
		{E501053B-B7B5-411D-A9E6-D5E777D51318}.Release|ARM.ActiveCfg = Release|Any CPU
		{E501053B-B7B5-411D-A9E6-D5E777D51318}.Release|ARM.Build.0 = Release|Any CPU
		{E501053B-B7B5-411D-A9E6-D5E777D51318}.Release|ARM64.ActiveCfg = Release|Any CPU
		{E501053B-B7B5-411D-A9E6-D5E777D51318}.Release|ARM64.Build.0 = Release|Any CPU
		{E501053B-B7B5-411D-A9E6-D5E777D51318}.Release|x64.ActiveCfg = Release|Any CPU
		{E501053B-B7B5-411D-A9E6-D5E777D51318}.Release|x64.Build.0 = Release|Any CPU
		{E501053B-B7B5-411D-A9E6-D5E777D51318}.Release|x86.ActiveCfg = Release|Any CPU
		{E501053B-B7B5-411D-A9E6-D5E777D51318}.Release|x86.Build.0 = Release|Any CPU
	EndGlobalSection
	GlobalSection(SolutionProperties) = preSolution
		HideSolutionNode = FALSE
	EndGlobalSection
	GlobalSection(NestedProjects) = preSolution
		{533444B5-8984-412E-BD08-935DE724D638} = {CAADBE4E-3E32-45F1-A397-B657FE7B8703}
		{5E3A3333-B37C-416D-8DAC-8E802A28F57A} = {CAADBE4E-3E32-45F1-A397-B657FE7B8703}
		{CFAFB26B-BE42-4442-9430-1EBEAA1E2BF3} = {5E3A3333-B37C-416D-8DAC-8E802A28F57A}
		{50457426-8E6B-4350-899A-4D48C1EB75FF} = {5E3A3333-B37C-416D-8DAC-8E802A28F57A}
		{82846B9D-D19A-4CB3-9CEC-2F3E84D59472} = {50457426-8E6B-4350-899A-4D48C1EB75FF}
		{50D5EF01-7774-408A-A341-855A2F3AD707} = {50457426-8E6B-4350-899A-4D48C1EB75FF}
		{C1A4BCA3-7C5E-49BF-9748-61763C59F279} = {50457426-8E6B-4350-899A-4D48C1EB75FF}
		{134E8598-F047-4493-877C-64B09DB82438} = {CFAFB26B-BE42-4442-9430-1EBEAA1E2BF3}
		{5B17A3DC-4755-44B9-A0BB-175D0E630AB6} = {CFAFB26B-BE42-4442-9430-1EBEAA1E2BF3}
		{56B81353-9705-4D89-9837-B72CBF087F6B} = {CFAFB26B-BE42-4442-9430-1EBEAA1E2BF3}
		{E501053B-B7B5-411D-A9E6-D5E777D51318} = {CFAFB26B-BE42-4442-9430-1EBEAA1E2BF3}
	EndGlobalSection
	GlobalSection(ExtensibilityGlobals) = postSolution
		SolutionGuid = {3F564772-8371-4EE9-AB38-860A4A88FD0C}
	EndGlobalSection
EndGlobal
