
Microsoft Visual Studio Solution File, Format Version 12.00
# Visual Studio Version 16
VisualStudioVersion = 16.0.30804.86
MinimumVisualStudioVersion = 10.0.40219.1
Project("{2150E333-8FDC-42A3-9474-1A3956D46DE8}") = "src", "src", "{CAADBE4E-3E32-45F1-A397-B657FE7B8703}"
EndProject
Project("{9A19103F-16F7-4668-BE54-9A1E7A4F7556}") = "BetterTTD.Domain", "src\BetterTTD.Domain\BetterTTD.Domain.csproj", "{680FE5A5-DFDB-48C4-A2B3-0ACE47C988C6}"
EndProject
Project("{9A19103F-16F7-4668-BE54-9A1E7A4F7556}") = "BetterTTD.Actors", "src\BetterTTD.Actors\BetterTTD.Actors.csproj", "{2087FACA-FDE8-4370-9290-B91BC4C2366C}"
EndProject
Project("{9A19103F-16F7-4668-BE54-9A1E7A4F7556}") = "BetterTTD.Network", "src\BetterTTD.Network\BetterTTD.Network.csproj", "{F03246DB-FD53-479A-924A-42239A37AD43}"
EndProject
Project("{2150E333-8FDC-42A3-9474-1A3956D46DE8}") = "Solution Items", "Solution Items", "{AC089263-385A-4441-BF8B-2608DB1E18A4}"
	ProjectSection(SolutionItems) = preProject
		nuget.config = nuget.config
	EndProjectSection
EndProject
Project("{FAE04EC0-301F-11D3-BF4B-00C04F79EFBC}") = "BetterTTD.App", "src\BetterTTD.App\BetterTTD.App.csproj", "{FD188B65-ECA5-49F2-887F-9CBA0C635818}"
EndProject
Project("{F2A71F9B-5D33-465A-A702-920D77279786}") = "BetterTTD.FOAN", "src\BetterTTD.FOAN\BetterTTD.FOAN.fsproj", "{52C6F715-4A3A-4BBB-BAFF-EB1C2E0A3AE6}"
EndProject
Project("{F2A71F9B-5D33-465A-A702-920D77279786}") = "BetterTTD.FOAN.Network", "src\BetterTTD.FOAN.Network\BetterTTD.FOAN.Network.fsproj", "{83BD5859-A476-49B7-8F00-D1A8C1576B32}"
EndProject
Project("{F2A71F9B-5D33-465A-A702-920D77279786}") = "BetterTTD.FOAN.Actors", "src\BetterTTD.FOAN.Actors\BetterTTD.FOAN.Actors.fsproj", "{98BC0833-7AE7-462B-9AFC-58D9B5B09CDA}"
EndProject
Project("{2150E333-8FDC-42A3-9474-1A3956D46DE8}") = "OLD", "OLD", "{B796734E-EEC9-4BDD-B834-157B48A3936A}"
EndProject
Global
	GlobalSection(SolutionConfigurationPlatforms) = preSolution
		Debug|Any CPU = Debug|Any CPU
		Debug|ARM = Debug|ARM
		Debug|ARM64 = Debug|ARM64
		Debug|x64 = Debug|x64
		Debug|x86 = Debug|x86
		Release|Any CPU = Release|Any CPU
		Release|ARM = Release|ARM
		Release|ARM64 = Release|ARM64
		Release|x64 = Release|x64
		Release|x86 = Release|x86
	EndGlobalSection
	GlobalSection(ProjectConfigurationPlatforms) = postSolution
		{680FE5A5-DFDB-48C4-A2B3-0ACE47C988C6}.Debug|Any CPU.ActiveCfg = Debug|Any CPU
		{680FE5A5-DFDB-48C4-A2B3-0ACE47C988C6}.Debug|Any CPU.Build.0 = Debug|Any CPU
		{680FE5A5-DFDB-48C4-A2B3-0ACE47C988C6}.Debug|ARM.ActiveCfg = Debug|Any CPU
		{680FE5A5-DFDB-48C4-A2B3-0ACE47C988C6}.Debug|ARM.Build.0 = Debug|Any CPU
		{680FE5A5-DFDB-48C4-A2B3-0ACE47C988C6}.Debug|ARM64.ActiveCfg = Debug|Any CPU
		{680FE5A5-DFDB-48C4-A2B3-0ACE47C988C6}.Debug|ARM64.Build.0 = Debug|Any CPU
		{680FE5A5-DFDB-48C4-A2B3-0ACE47C988C6}.Debug|x64.ActiveCfg = Debug|Any CPU
		{680FE5A5-DFDB-48C4-A2B3-0ACE47C988C6}.Debug|x64.Build.0 = Debug|Any CPU
		{680FE5A5-DFDB-48C4-A2B3-0ACE47C988C6}.Debug|x86.ActiveCfg = Debug|Any CPU
		{680FE5A5-DFDB-48C4-A2B3-0ACE47C988C6}.Debug|x86.Build.0 = Debug|Any CPU
		{680FE5A5-DFDB-48C4-A2B3-0ACE47C988C6}.Release|Any CPU.ActiveCfg = Release|Any CPU
		{680FE5A5-DFDB-48C4-A2B3-0ACE47C988C6}.Release|Any CPU.Build.0 = Release|Any CPU
		{680FE5A5-DFDB-48C4-A2B3-0ACE47C988C6}.Release|ARM.ActiveCfg = Release|Any CPU
		{680FE5A5-DFDB-48C4-A2B3-0ACE47C988C6}.Release|ARM.Build.0 = Release|Any CPU
		{680FE5A5-DFDB-48C4-A2B3-0ACE47C988C6}.Release|ARM64.ActiveCfg = Release|Any CPU
		{680FE5A5-DFDB-48C4-A2B3-0ACE47C988C6}.Release|ARM64.Build.0 = Release|Any CPU
		{680FE5A5-DFDB-48C4-A2B3-0ACE47C988C6}.Release|x64.ActiveCfg = Release|Any CPU
		{680FE5A5-DFDB-48C4-A2B3-0ACE47C988C6}.Release|x64.Build.0 = Release|Any CPU
		{680FE5A5-DFDB-48C4-A2B3-0ACE47C988C6}.Release|x86.ActiveCfg = Release|Any CPU
		{680FE5A5-DFDB-48C4-A2B3-0ACE47C988C6}.Release|x86.Build.0 = Release|Any CPU
		{2087FACA-FDE8-4370-9290-B91BC4C2366C}.Debug|Any CPU.ActiveCfg = Debug|Any CPU
		{2087FACA-FDE8-4370-9290-B91BC4C2366C}.Debug|Any CPU.Build.0 = Debug|Any CPU
		{2087FACA-FDE8-4370-9290-B91BC4C2366C}.Debug|ARM.ActiveCfg = Debug|Any CPU
		{2087FACA-FDE8-4370-9290-B91BC4C2366C}.Debug|ARM.Build.0 = Debug|Any CPU
		{2087FACA-FDE8-4370-9290-B91BC4C2366C}.Debug|ARM64.ActiveCfg = Debug|Any CPU
		{2087FACA-FDE8-4370-9290-B91BC4C2366C}.Debug|ARM64.Build.0 = Debug|Any CPU
		{2087FACA-FDE8-4370-9290-B91BC4C2366C}.Debug|x64.ActiveCfg = Debug|Any CPU
		{2087FACA-FDE8-4370-9290-B91BC4C2366C}.Debug|x64.Build.0 = Debug|Any CPU
		{2087FACA-FDE8-4370-9290-B91BC4C2366C}.Debug|x86.ActiveCfg = Debug|Any CPU
		{2087FACA-FDE8-4370-9290-B91BC4C2366C}.Debug|x86.Build.0 = Debug|Any CPU
		{2087FACA-FDE8-4370-9290-B91BC4C2366C}.Release|Any CPU.ActiveCfg = Release|Any CPU
		{2087FACA-FDE8-4370-9290-B91BC4C2366C}.Release|Any CPU.Build.0 = Release|Any CPU
		{2087FACA-FDE8-4370-9290-B91BC4C2366C}.Release|ARM.ActiveCfg = Release|Any CPU
		{2087FACA-FDE8-4370-9290-B91BC4C2366C}.Release|ARM.Build.0 = Release|Any CPU
		{2087FACA-FDE8-4370-9290-B91BC4C2366C}.Release|ARM64.ActiveCfg = Release|Any CPU
		{2087FACA-FDE8-4370-9290-B91BC4C2366C}.Release|ARM64.Build.0 = Release|Any CPU
		{2087FACA-FDE8-4370-9290-B91BC4C2366C}.Release|x64.ActiveCfg = Release|Any CPU
		{2087FACA-FDE8-4370-9290-B91BC4C2366C}.Release|x64.Build.0 = Release|Any CPU
		{2087FACA-FDE8-4370-9290-B91BC4C2366C}.Release|x86.ActiveCfg = Release|Any CPU
		{2087FACA-FDE8-4370-9290-B91BC4C2366C}.Release|x86.Build.0 = Release|Any CPU
		{F03246DB-FD53-479A-924A-42239A37AD43}.Debug|Any CPU.ActiveCfg = Debug|Any CPU
		{F03246DB-FD53-479A-924A-42239A37AD43}.Debug|Any CPU.Build.0 = Debug|Any CPU
		{F03246DB-FD53-479A-924A-42239A37AD43}.Debug|ARM.ActiveCfg = Debug|Any CPU
		{F03246DB-FD53-479A-924A-42239A37AD43}.Debug|ARM.Build.0 = Debug|Any CPU
		{F03246DB-FD53-479A-924A-42239A37AD43}.Debug|ARM64.ActiveCfg = Debug|Any CPU
		{F03246DB-FD53-479A-924A-42239A37AD43}.Debug|ARM64.Build.0 = Debug|Any CPU
		{F03246DB-FD53-479A-924A-42239A37AD43}.Debug|x64.ActiveCfg = Debug|Any CPU
		{F03246DB-FD53-479A-924A-42239A37AD43}.Debug|x64.Build.0 = Debug|Any CPU
		{F03246DB-FD53-479A-924A-42239A37AD43}.Debug|x86.ActiveCfg = Debug|Any CPU
		{F03246DB-FD53-479A-924A-42239A37AD43}.Debug|x86.Build.0 = Debug|Any CPU
		{F03246DB-FD53-479A-924A-42239A37AD43}.Release|Any CPU.ActiveCfg = Release|Any CPU
		{F03246DB-FD53-479A-924A-42239A37AD43}.Release|Any CPU.Build.0 = Release|Any CPU
		{F03246DB-FD53-479A-924A-42239A37AD43}.Release|ARM.ActiveCfg = Release|Any CPU
		{F03246DB-FD53-479A-924A-42239A37AD43}.Release|ARM.Build.0 = Release|Any CPU
		{F03246DB-FD53-479A-924A-42239A37AD43}.Release|ARM64.ActiveCfg = Release|Any CPU
		{F03246DB-FD53-479A-924A-42239A37AD43}.Release|ARM64.Build.0 = Release|Any CPU
		{F03246DB-FD53-479A-924A-42239A37AD43}.Release|x64.ActiveCfg = Release|Any CPU
		{F03246DB-FD53-479A-924A-42239A37AD43}.Release|x64.Build.0 = Release|Any CPU
		{F03246DB-FD53-479A-924A-42239A37AD43}.Release|x86.ActiveCfg = Release|Any CPU
		{F03246DB-FD53-479A-924A-42239A37AD43}.Release|x86.Build.0 = Release|Any CPU
		{FD188B65-ECA5-49F2-887F-9CBA0C635818}.Debug|Any CPU.ActiveCfg = Debug|Any CPU
		{FD188B65-ECA5-49F2-887F-9CBA0C635818}.Debug|Any CPU.Build.0 = Debug|Any CPU
		{FD188B65-ECA5-49F2-887F-9CBA0C635818}.Debug|ARM.ActiveCfg = Debug|Any CPU
		{FD188B65-ECA5-49F2-887F-9CBA0C635818}.Debug|ARM.Build.0 = Debug|Any CPU
		{FD188B65-ECA5-49F2-887F-9CBA0C635818}.Debug|ARM64.ActiveCfg = Debug|Any CPU
		{FD188B65-ECA5-49F2-887F-9CBA0C635818}.Debug|ARM64.Build.0 = Debug|Any CPU
		{FD188B65-ECA5-49F2-887F-9CBA0C635818}.Debug|x64.ActiveCfg = Debug|Any CPU
		{FD188B65-ECA5-49F2-887F-9CBA0C635818}.Debug|x64.Build.0 = Debug|Any CPU
		{FD188B65-ECA5-49F2-887F-9CBA0C635818}.Debug|x86.ActiveCfg = Debug|Any CPU
		{FD188B65-ECA5-49F2-887F-9CBA0C635818}.Debug|x86.Build.0 = Debug|Any CPU
		{FD188B65-ECA5-49F2-887F-9CBA0C635818}.Release|Any CPU.ActiveCfg = Release|Any CPU
		{FD188B65-ECA5-49F2-887F-9CBA0C635818}.Release|Any CPU.Build.0 = Release|Any CPU
		{FD188B65-ECA5-49F2-887F-9CBA0C635818}.Release|ARM.ActiveCfg = Release|Any CPU
		{FD188B65-ECA5-49F2-887F-9CBA0C635818}.Release|ARM.Build.0 = Release|Any CPU
		{FD188B65-ECA5-49F2-887F-9CBA0C635818}.Release|ARM64.ActiveCfg = Release|Any CPU
		{FD188B65-ECA5-49F2-887F-9CBA0C635818}.Release|ARM64.Build.0 = Release|Any CPU
		{FD188B65-ECA5-49F2-887F-9CBA0C635818}.Release|x64.ActiveCfg = Release|Any CPU
		{FD188B65-ECA5-49F2-887F-9CBA0C635818}.Release|x64.Build.0 = Release|Any CPU
		{FD188B65-ECA5-49F2-887F-9CBA0C635818}.Release|x86.ActiveCfg = Release|Any CPU
		{FD188B65-ECA5-49F2-887F-9CBA0C635818}.Release|x86.Build.0 = Release|Any CPU
		{52C6F715-4A3A-4BBB-BAFF-EB1C2E0A3AE6}.Debug|Any CPU.ActiveCfg = Debug|Any CPU
		{52C6F715-4A3A-4BBB-BAFF-EB1C2E0A3AE6}.Debug|Any CPU.Build.0 = Debug|Any CPU
		{52C6F715-4A3A-4BBB-BAFF-EB1C2E0A3AE6}.Debug|ARM.ActiveCfg = Debug|Any CPU
		{52C6F715-4A3A-4BBB-BAFF-EB1C2E0A3AE6}.Debug|ARM.Build.0 = Debug|Any CPU
		{52C6F715-4A3A-4BBB-BAFF-EB1C2E0A3AE6}.Debug|ARM64.ActiveCfg = Debug|Any CPU
		{52C6F715-4A3A-4BBB-BAFF-EB1C2E0A3AE6}.Debug|ARM64.Build.0 = Debug|Any CPU
		{52C6F715-4A3A-4BBB-BAFF-EB1C2E0A3AE6}.Debug|x64.ActiveCfg = Debug|Any CPU
		{52C6F715-4A3A-4BBB-BAFF-EB1C2E0A3AE6}.Debug|x64.Build.0 = Debug|Any CPU
		{52C6F715-4A3A-4BBB-BAFF-EB1C2E0A3AE6}.Debug|x86.ActiveCfg = Debug|Any CPU
		{52C6F715-4A3A-4BBB-BAFF-EB1C2E0A3AE6}.Debug|x86.Build.0 = Debug|Any CPU
		{52C6F715-4A3A-4BBB-BAFF-EB1C2E0A3AE6}.Release|Any CPU.ActiveCfg = Release|Any CPU
		{52C6F715-4A3A-4BBB-BAFF-EB1C2E0A3AE6}.Release|Any CPU.Build.0 = Release|Any CPU
		{52C6F715-4A3A-4BBB-BAFF-EB1C2E0A3AE6}.Release|ARM.ActiveCfg = Release|Any CPU
		{52C6F715-4A3A-4BBB-BAFF-EB1C2E0A3AE6}.Release|ARM.Build.0 = Release|Any CPU
		{52C6F715-4A3A-4BBB-BAFF-EB1C2E0A3AE6}.Release|ARM64.ActiveCfg = Release|Any CPU
		{52C6F715-4A3A-4BBB-BAFF-EB1C2E0A3AE6}.Release|ARM64.Build.0 = Release|Any CPU
		{52C6F715-4A3A-4BBB-BAFF-EB1C2E0A3AE6}.Release|x64.ActiveCfg = Release|Any CPU
		{52C6F715-4A3A-4BBB-BAFF-EB1C2E0A3AE6}.Release|x64.Build.0 = Release|Any CPU
		{52C6F715-4A3A-4BBB-BAFF-EB1C2E0A3AE6}.Release|x86.ActiveCfg = Release|Any CPU
		{52C6F715-4A3A-4BBB-BAFF-EB1C2E0A3AE6}.Release|x86.Build.0 = Release|Any CPU
		{83BD5859-A476-49B7-8F00-D1A8C1576B32}.Debug|Any CPU.ActiveCfg = Debug|Any CPU
		{83BD5859-A476-49B7-8F00-D1A8C1576B32}.Debug|Any CPU.Build.0 = Debug|Any CPU
		{83BD5859-A476-49B7-8F00-D1A8C1576B32}.Debug|ARM.ActiveCfg = Debug|Any CPU
		{83BD5859-A476-49B7-8F00-D1A8C1576B32}.Debug|ARM.Build.0 = Debug|Any CPU
		{83BD5859-A476-49B7-8F00-D1A8C1576B32}.Debug|ARM64.ActiveCfg = Debug|Any CPU
		{83BD5859-A476-49B7-8F00-D1A8C1576B32}.Debug|ARM64.Build.0 = Debug|Any CPU
		{83BD5859-A476-49B7-8F00-D1A8C1576B32}.Debug|x64.ActiveCfg = Debug|Any CPU
		{83BD5859-A476-49B7-8F00-D1A8C1576B32}.Debug|x64.Build.0 = Debug|Any CPU
		{83BD5859-A476-49B7-8F00-D1A8C1576B32}.Debug|x86.ActiveCfg = Debug|Any CPU
		{83BD5859-A476-49B7-8F00-D1A8C1576B32}.Debug|x86.Build.0 = Debug|Any CPU
		{83BD5859-A476-49B7-8F00-D1A8C1576B32}.Release|Any CPU.ActiveCfg = Release|Any CPU
		{83BD5859-A476-49B7-8F00-D1A8C1576B32}.Release|Any CPU.Build.0 = Release|Any CPU
		{83BD5859-A476-49B7-8F00-D1A8C1576B32}.Release|ARM.ActiveCfg = Release|Any CPU
		{83BD5859-A476-49B7-8F00-D1A8C1576B32}.Release|ARM.Build.0 = Release|Any CPU
		{83BD5859-A476-49B7-8F00-D1A8C1576B32}.Release|ARM64.ActiveCfg = Release|Any CPU
		{83BD5859-A476-49B7-8F00-D1A8C1576B32}.Release|ARM64.Build.0 = Release|Any CPU
		{83BD5859-A476-49B7-8F00-D1A8C1576B32}.Release|x64.ActiveCfg = Release|Any CPU
		{83BD5859-A476-49B7-8F00-D1A8C1576B32}.Release|x64.Build.0 = Release|Any CPU
		{83BD5859-A476-49B7-8F00-D1A8C1576B32}.Release|x86.ActiveCfg = Release|Any CPU
		{83BD5859-A476-49B7-8F00-D1A8C1576B32}.Release|x86.Build.0 = Release|Any CPU
		{98BC0833-7AE7-462B-9AFC-58D9B5B09CDA}.Debug|Any CPU.ActiveCfg = Debug|Any CPU
		{98BC0833-7AE7-462B-9AFC-58D9B5B09CDA}.Debug|Any CPU.Build.0 = Debug|Any CPU
		{98BC0833-7AE7-462B-9AFC-58D9B5B09CDA}.Debug|ARM.ActiveCfg = Debug|Any CPU
		{98BC0833-7AE7-462B-9AFC-58D9B5B09CDA}.Debug|ARM.Build.0 = Debug|Any CPU
		{98BC0833-7AE7-462B-9AFC-58D9B5B09CDA}.Debug|ARM64.ActiveCfg = Debug|Any CPU
		{98BC0833-7AE7-462B-9AFC-58D9B5B09CDA}.Debug|ARM64.Build.0 = Debug|Any CPU
		{98BC0833-7AE7-462B-9AFC-58D9B5B09CDA}.Debug|x64.ActiveCfg = Debug|Any CPU
		{98BC0833-7AE7-462B-9AFC-58D9B5B09CDA}.Debug|x64.Build.0 = Debug|Any CPU
		{98BC0833-7AE7-462B-9AFC-58D9B5B09CDA}.Debug|x86.ActiveCfg = Debug|Any CPU
		{98BC0833-7AE7-462B-9AFC-58D9B5B09CDA}.Debug|x86.Build.0 = Debug|Any CPU
		{98BC0833-7AE7-462B-9AFC-58D9B5B09CDA}.Release|Any CPU.ActiveCfg = Release|Any CPU
		{98BC0833-7AE7-462B-9AFC-58D9B5B09CDA}.Release|Any CPU.Build.0 = Release|Any CPU
		{98BC0833-7AE7-462B-9AFC-58D9B5B09CDA}.Release|ARM.ActiveCfg = Release|Any CPU
		{98BC0833-7AE7-462B-9AFC-58D9B5B09CDA}.Release|ARM.Build.0 = Release|Any CPU
		{98BC0833-7AE7-462B-9AFC-58D9B5B09CDA}.Release|ARM64.ActiveCfg = Release|Any CPU
		{98BC0833-7AE7-462B-9AFC-58D9B5B09CDA}.Release|ARM64.Build.0 = Release|Any CPU
		{98BC0833-7AE7-462B-9AFC-58D9B5B09CDA}.Release|x64.ActiveCfg = Release|Any CPU
		{98BC0833-7AE7-462B-9AFC-58D9B5B09CDA}.Release|x64.Build.0 = Release|Any CPU
		{98BC0833-7AE7-462B-9AFC-58D9B5B09CDA}.Release|x86.ActiveCfg = Release|Any CPU
		{98BC0833-7AE7-462B-9AFC-58D9B5B09CDA}.Release|x86.Build.0 = Release|Any CPU
	EndGlobalSection
	GlobalSection(SolutionProperties) = preSolution
		HideSolutionNode = FALSE
	EndGlobalSection
	GlobalSection(NestedProjects) = preSolution
		{52C6F715-4A3A-4BBB-BAFF-EB1C2E0A3AE6} = {CAADBE4E-3E32-45F1-A397-B657FE7B8703}
		{83BD5859-A476-49B7-8F00-D1A8C1576B32} = {CAADBE4E-3E32-45F1-A397-B657FE7B8703}
		{98BC0833-7AE7-462B-9AFC-58D9B5B09CDA} = {CAADBE4E-3E32-45F1-A397-B657FE7B8703}
		{B796734E-EEC9-4BDD-B834-157B48A3936A} = {CAADBE4E-3E32-45F1-A397-B657FE7B8703}
		{2087FACA-FDE8-4370-9290-B91BC4C2366C} = {B796734E-EEC9-4BDD-B834-157B48A3936A}
		{FD188B65-ECA5-49F2-887F-9CBA0C635818} = {B796734E-EEC9-4BDD-B834-157B48A3936A}
		{680FE5A5-DFDB-48C4-A2B3-0ACE47C988C6} = {B796734E-EEC9-4BDD-B834-157B48A3936A}
		{F03246DB-FD53-479A-924A-42239A37AD43} = {B796734E-EEC9-4BDD-B834-157B48A3936A}
	EndGlobalSection
	GlobalSection(ExtensibilityGlobals) = postSolution
		SolutionGuid = {3F564772-8371-4EE9-AB38-860A4A88FD0C}
	EndGlobalSection
EndGlobal
